
Microsoft Visual Studio Solution File, Format Version 10.00
# Visual Studio 2008
Project("{8BC9CEB8-8B4A-11D0-8D11-00A0C91BC942}") = "GSdx", "gsdx\GSdx_vs2008.vcproj", "{18E42F6F-3A62-41EE-B42F-79366C4F1E95}"
EndProject
Global
	GlobalSection(SolutionConfigurationPlatforms) = preSolution
		Debug SSE2|Win32 = Debug SSE2|Win32
		Debug SSE2|x64 = Debug SSE2|x64
		Debug SSE3|Win32 = Debug SSE3|Win32
		Debug SSE3|x64 = Debug SSE3|x64
		Debug|Win32 = Debug|Win32
		Debug|x64 = Debug|x64
		Release SSE2|Win32 = Release SSE2|Win32
		Release SSE2|x64 = Release SSE2|x64
		Release SSE3|Win32 = Release SSE3|Win32
		Release SSE3|x64 = Release SSE3|x64
		Release|Win32 = Release|Win32
		Release|x64 = Release|x64
	EndGlobalSection
	GlobalSection(ProjectConfigurationPlatforms) = postSolution
		{18E42F6F-3A62-41EE-B42F-79366C4F1E95}.Debug SSE2|Win32.ActiveCfg = Debug SSE2|Win32
		{18E42F6F-3A62-41EE-B42F-79366C4F1E95}.Debug SSE2|Win32.Build.0 = Debug SSE2|Win32
		{18E42F6F-3A62-41EE-B42F-79366C4F1E95}.Debug SSE2|x64.ActiveCfg = Debug SSE2|x64
		{18E42F6F-3A62-41EE-B42F-79366C4F1E95}.Debug SSE2|x64.Build.0 = Debug SSE2|x64
		{18E42F6F-3A62-41EE-B42F-79366C4F1E95}.Debug SSE3|Win32.ActiveCfg = Debug SSE3|Win32
		{18E42F6F-3A62-41EE-B42F-79366C4F1E95}.Debug SSE3|Win32.Build.0 = Debug SSE3|Win32
		{18E42F6F-3A62-41EE-B42F-79366C4F1E95}.Debug SSE3|x64.ActiveCfg = Debug SSE3|Win32
		{18E42F6F-3A62-41EE-B42F-79366C4F1E95}.Debug|Win32.ActiveCfg = Debug|Win32
		{18E42F6F-3A62-41EE-B42F-79366C4F1E95}.Debug|Win32.Build.0 = Debug|Win32
		{18E42F6F-3A62-41EE-B42F-79366C4F1E95}.Debug|x64.ActiveCfg = Debug|x64
		{18E42F6F-3A62-41EE-B42F-79366C4F1E95}.Debug|x64.Build.0 = Debug|x64
		{18E42F6F-3A62-41EE-B42F-79366C4F1E95}.Release SSE2|Win32.ActiveCfg = Release SSE2|Win32
		{18E42F6F-3A62-41EE-B42F-79366C4F1E95}.Release SSE2|Win32.Build.0 = Release SSE2|Win32
		{18E42F6F-3A62-41EE-B42F-79366C4F1E95}.Release SSE2|x64.ActiveCfg = Release SSE2|x64
		{18E42F6F-3A62-41EE-B42F-79366C4F1E95}.Release SSE2|x64.Build.0 = Release SSE2|x64
		{18E42F6F-3A62-41EE-B42F-79366C4F1E95}.Release SSE3|Win32.ActiveCfg = Release SSE3|Win32
		{18E42F6F-3A62-41EE-B42F-79366C4F1E95}.Release SSE3|Win32.Build.0 = Release SSE3|Win32
		{18E42F6F-3A62-41EE-B42F-79366C4F1E95}.Release SSE3|x64.ActiveCfg = Release SSE3|Win32
		{18E42F6F-3A62-41EE-B42F-79366C4F1E95}.Release|Win32.ActiveCfg = Release|Win32
		{18E42F6F-3A62-41EE-B42F-79366C4F1E95}.Release|Win32.Build.0 = Release|Win32
		{18E42F6F-3A62-41EE-B42F-79366C4F1E95}.Release|x64.ActiveCfg = Release|x64
		{18E42F6F-3A62-41EE-B42F-79366C4F1E95}.Release|x64.Build.0 = Release|x64
	EndGlobalSection
	GlobalSection(SolutionProperties) = preSolution
		HideSolutionNode = FALSE
	EndGlobalSection
EndGlobal
